
Microsoft Visual Studio Solution File, Format Version 12.00
# Visual Studio Version 17
VisualStudioVersion = 17.0.31912.275
MinimumVisualStudioVersion = 10.0.40219.1
Project("{FAE04EC0-301F-11D3-BF4B-00C04F79EFBC}") = "EmployeeManagement", "EmployeeManagement\EmployeeManagement.csproj", "{6F5BF8C8-3CF3-4D99-94A1-8724254CBFF8}"
EndProject
Global
	GlobalSection(SolutionConfigurationPlatforms) = preSolution
		Debug|Any CPU = Debug|Any CPU
		Release|Any CPU = Release|Any CPU
	EndGlobalSection
	GlobalSection(ProjectConfigurationPlatforms) = postSolution
		{6F5BF8C8-3CF3-4D99-94A1-8724254CBFF8}.Debug|Any CPU.ActiveCfg = Debug|Any CPU
		{6F5BF8C8-3CF3-4D99-94A1-8724254CBFF8}.Debug|Any CPU.Build.0 = Debug|Any CPU
		{6F5BF8C8-3CF3-4D99-94A1-8724254CBFF8}.Release|Any CPU.ActiveCfg = Release|Any CPU
		{6F5BF8C8-3CF3-4D99-94A1-8724254CBFF8}.Release|Any CPU.Build.0 = Release|Any CPU
	EndGlobalSection
	GlobalSection(SolutionProperties) = preSolution
		HideSolutionNode = FALSE
	EndGlobalSection
	GlobalSection(ExtensibilityGlobals) = postSolution
		SolutionGuid = {DFBDCD3C-D9D4-4807-99BE-E3B310C65414}
	EndGlobalSection
EndGlobal
